
Microsoft Visual Studio Solution File, Format Version 12.00
# Visual Studio 15
VisualStudioVersion = 15.0.27004.2005
MinimumVisualStudioVersion = 10.0.40219.1
Project("{FAE04EC0-301F-11D3-BF4B-00C04F79EFBC}") = "FlashCardApp.UWP", "FlashCardApp\FlashCardApp.UWP\FlashCardApp.UWP.csproj", "{BA0ED71E-D6D0-43A2-919D-A477BBFFDF68}"
EndProject
Project("{FAE04EC0-301F-11D3-BF4B-00C04F79EFBC}") = "FlashCardApp.iOS", "FlashCardApp\FlashCardApp.iOS\FlashCardApp.iOS.csproj", "{C7490AB2-F458-43DF-AF7C-1887E7E93F16}"
EndProject
Project("{9A19103F-16F7-4668-BE54-9A1E7A4F7556}") = "FlashCardApp", "FlashCardApp\FlashCardApp\FlashCardApp.csproj", "{5835B927-11C0-4D07-875D-E92854EACC67}"
EndProject
Project("{FAE04EC0-301F-11D3-BF4B-00C04F79EFBC}") = "FlashCardApp.PCL", "FlashCardApp\FlashCardApp.PCL\FlashCardApp.PCL.csproj", "{2F8A95C4-DA37-4883-939E-D9289FCBB90E}"
EndProject
Project("{FAE04EC0-301F-11D3-BF4B-00C04F79EFBC}") = "FlashCardApp.Droid", "FlashCardApp\FlashCardApp.Droid\FlashCardApp.Droid.csproj", "{9FF07C21-DA0C-4308-B917-00D0A12F493E}"
EndProject
Global
	GlobalSection(SolutionConfigurationPlatforms) = preSolution
		Ad-Hoc|Any CPU = Ad-Hoc|Any CPU
		Ad-Hoc|ARM = Ad-Hoc|ARM
		Ad-Hoc|iPhone = Ad-Hoc|iPhone
		Ad-Hoc|iPhoneSimulator = Ad-Hoc|iPhoneSimulator
		Ad-Hoc|x64 = Ad-Hoc|x64
		Ad-Hoc|x86 = Ad-Hoc|x86
		AppStore|Any CPU = AppStore|Any CPU
		AppStore|ARM = AppStore|ARM
		AppStore|iPhone = AppStore|iPhone
		AppStore|iPhoneSimulator = AppStore|iPhoneSimulator
		AppStore|x64 = AppStore|x64
		AppStore|x86 = AppStore|x86
		Debug|Any CPU = Debug|Any CPU
		Debug|ARM = Debug|ARM
		Debug|iPhone = Debug|iPhone
		Debug|iPhoneSimulator = Debug|iPhoneSimulator
		Debug|x64 = Debug|x64
		Debug|x86 = Debug|x86
		Release|Any CPU = Release|Any CPU
		Release|ARM = Release|ARM
		Release|iPhone = Release|iPhone
		Release|iPhoneSimulator = Release|iPhoneSimulator
		Release|x64 = Release|x64
		Release|x86 = Release|x86
	EndGlobalSection
	GlobalSection(ProjectConfigurationPlatforms) = postSolution
		{BA0ED71E-D6D0-43A2-919D-A477BBFFDF68}.Ad-Hoc|Any CPU.ActiveCfg = Release|x86
		{BA0ED71E-D6D0-43A2-919D-A477BBFFDF68}.Ad-Hoc|Any CPU.Build.0 = Release|x86
		{BA0ED71E-D6D0-43A2-919D-A477BBFFDF68}.Ad-Hoc|Any CPU.Deploy.0 = Release|x86
		{BA0ED71E-D6D0-43A2-919D-A477BBFFDF68}.Ad-Hoc|ARM.ActiveCfg = Release|ARM
		{BA0ED71E-D6D0-43A2-919D-A477BBFFDF68}.Ad-Hoc|ARM.Build.0 = Release|ARM
		{BA0ED71E-D6D0-43A2-919D-A477BBFFDF68}.Ad-Hoc|ARM.Deploy.0 = Release|ARM
		{BA0ED71E-D6D0-43A2-919D-A477BBFFDF68}.Ad-Hoc|iPhone.ActiveCfg = Release|x86
		{BA0ED71E-D6D0-43A2-919D-A477BBFFDF68}.Ad-Hoc|iPhone.Build.0 = Release|x86
		{BA0ED71E-D6D0-43A2-919D-A477BBFFDF68}.Ad-Hoc|iPhone.Deploy.0 = Release|x86
		{BA0ED71E-D6D0-43A2-919D-A477BBFFDF68}.Ad-Hoc|iPhoneSimulator.ActiveCfg = Release|x86
		{BA0ED71E-D6D0-43A2-919D-A477BBFFDF68}.Ad-Hoc|iPhoneSimulator.Build.0 = Release|x86
		{BA0ED71E-D6D0-43A2-919D-A477BBFFDF68}.Ad-Hoc|iPhoneSimulator.Deploy.0 = Release|x86
		{BA0ED71E-D6D0-43A2-919D-A477BBFFDF68}.Ad-Hoc|x64.ActiveCfg = Release|x64
		{BA0ED71E-D6D0-43A2-919D-A477BBFFDF68}.Ad-Hoc|x64.Build.0 = Release|x64
		{BA0ED71E-D6D0-43A2-919D-A477BBFFDF68}.Ad-Hoc|x64.Deploy.0 = Release|x64
		{BA0ED71E-D6D0-43A2-919D-A477BBFFDF68}.Ad-Hoc|x86.ActiveCfg = Release|x86
		{BA0ED71E-D6D0-43A2-919D-A477BBFFDF68}.Ad-Hoc|x86.Build.0 = Release|x86
		{BA0ED71E-D6D0-43A2-919D-A477BBFFDF68}.Ad-Hoc|x86.Deploy.0 = Release|x86
		{BA0ED71E-D6D0-43A2-919D-A477BBFFDF68}.AppStore|Any CPU.ActiveCfg = Release|x86
		{BA0ED71E-D6D0-43A2-919D-A477BBFFDF68}.AppStore|Any CPU.Build.0 = Release|x86
		{BA0ED71E-D6D0-43A2-919D-A477BBFFDF68}.AppStore|Any CPU.Deploy.0 = Release|x86
		{BA0ED71E-D6D0-43A2-919D-A477BBFFDF68}.AppStore|ARM.ActiveCfg = Release|ARM
		{BA0ED71E-D6D0-43A2-919D-A477BBFFDF68}.AppStore|ARM.Build.0 = Release|ARM
		{BA0ED71E-D6D0-43A2-919D-A477BBFFDF68}.AppStore|ARM.Deploy.0 = Release|ARM
		{BA0ED71E-D6D0-43A2-919D-A477BBFFDF68}.AppStore|iPhone.ActiveCfg = Release|x86
		{BA0ED71E-D6D0-43A2-919D-A477BBFFDF68}.AppStore|iPhone.Build.0 = Release|x86
		{BA0ED71E-D6D0-43A2-919D-A477BBFFDF68}.AppStore|iPhone.Deploy.0 = Release|x86
		{BA0ED71E-D6D0-43A2-919D-A477BBFFDF68}.AppStore|iPhoneSimulator.ActiveCfg = Release|x86
		{BA0ED71E-D6D0-43A2-919D-A477BBFFDF68}.AppStore|iPhoneSimulator.Build.0 = Release|x86
		{BA0ED71E-D6D0-43A2-919D-A477BBFFDF68}.AppStore|iPhoneSimulator.Deploy.0 = Release|x86
		{BA0ED71E-D6D0-43A2-919D-A477BBFFDF68}.AppStore|x64.ActiveCfg = Release|x64
		{BA0ED71E-D6D0-43A2-919D-A477BBFFDF68}.AppStore|x64.Build.0 = Release|x64
		{BA0ED71E-D6D0-43A2-919D-A477BBFFDF68}.AppStore|x64.Deploy.0 = Release|x64
		{BA0ED71E-D6D0-43A2-919D-A477BBFFDF68}.AppStore|x86.ActiveCfg = Release|x86
		{BA0ED71E-D6D0-43A2-919D-A477BBFFDF68}.AppStore|x86.Build.0 = Release|x86
		{BA0ED71E-D6D0-43A2-919D-A477BBFFDF68}.AppStore|x86.Deploy.0 = Release|x86
		{BA0ED71E-D6D0-43A2-919D-A477BBFFDF68}.Debug|Any CPU.ActiveCfg = Debug|x86
		{BA0ED71E-D6D0-43A2-919D-A477BBFFDF68}.Debug|ARM.ActiveCfg = Debug|ARM
		{BA0ED71E-D6D0-43A2-919D-A477BBFFDF68}.Debug|ARM.Build.0 = Debug|ARM
		{BA0ED71E-D6D0-43A2-919D-A477BBFFDF68}.Debug|ARM.Deploy.0 = Debug|ARM
		{BA0ED71E-D6D0-43A2-919D-A477BBFFDF68}.Debug|iPhone.ActiveCfg = Debug|x86
		{BA0ED71E-D6D0-43A2-919D-A477BBFFDF68}.Debug|iPhoneSimulator.ActiveCfg = Debug|x86
		{BA0ED71E-D6D0-43A2-919D-A477BBFFDF68}.Debug|x64.ActiveCfg = Debug|x64
		{BA0ED71E-D6D0-43A2-919D-A477BBFFDF68}.Debug|x64.Build.0 = Debug|x64
		{BA0ED71E-D6D0-43A2-919D-A477BBFFDF68}.Debug|x64.Deploy.0 = Debug|x64
		{BA0ED71E-D6D0-43A2-919D-A477BBFFDF68}.Debug|x86.ActiveCfg = Debug|x86
		{BA0ED71E-D6D0-43A2-919D-A477BBFFDF68}.Debug|x86.Build.0 = Debug|x86
		{BA0ED71E-D6D0-43A2-919D-A477BBFFDF68}.Debug|x86.Deploy.0 = Debug|x86
		{BA0ED71E-D6D0-43A2-919D-A477BBFFDF68}.Release|Any CPU.ActiveCfg = Release|x86
		{BA0ED71E-D6D0-43A2-919D-A477BBFFDF68}.Release|ARM.ActiveCfg = Release|ARM
		{BA0ED71E-D6D0-43A2-919D-A477BBFFDF68}.Release|ARM.Build.0 = Release|ARM
		{BA0ED71E-D6D0-43A2-919D-A477BBFFDF68}.Release|ARM.Deploy.0 = Release|ARM
		{BA0ED71E-D6D0-43A2-919D-A477BBFFDF68}.Release|iPhone.ActiveCfg = Release|x86
		{BA0ED71E-D6D0-43A2-919D-A477BBFFDF68}.Release|iPhoneSimulator.ActiveCfg = Release|x86
		{BA0ED71E-D6D0-43A2-919D-A477BBFFDF68}.Release|x64.ActiveCfg = Release|x64
		{BA0ED71E-D6D0-43A2-919D-A477BBFFDF68}.Release|x64.Build.0 = Release|x64
		{BA0ED71E-D6D0-43A2-919D-A477BBFFDF68}.Release|x64.Deploy.0 = Release|x64
		{BA0ED71E-D6D0-43A2-919D-A477BBFFDF68}.Release|x86.ActiveCfg = Release|x86
		{BA0ED71E-D6D0-43A2-919D-A477BBFFDF68}.Release|x86.Build.0 = Release|x86
		{BA0ED71E-D6D0-43A2-919D-A477BBFFDF68}.Release|x86.Deploy.0 = Release|x86
		{C7490AB2-F458-43DF-AF7C-1887E7E93F16}.Ad-Hoc|Any CPU.ActiveCfg = Ad-Hoc|iPhoneSimulator
		{C7490AB2-F458-43DF-AF7C-1887E7E93F16}.Ad-Hoc|ARM.ActiveCfg = Ad-Hoc|iPhone
		{C7490AB2-F458-43DF-AF7C-1887E7E93F16}.Ad-Hoc|iPhone.ActiveCfg = Ad-Hoc|iPhone
		{C7490AB2-F458-43DF-AF7C-1887E7E93F16}.Ad-Hoc|iPhone.Build.0 = Ad-Hoc|iPhone
		{C7490AB2-F458-43DF-AF7C-1887E7E93F16}.Ad-Hoc|iPhoneSimulator.ActiveCfg = Ad-Hoc|iPhoneSimulator
		{C7490AB2-F458-43DF-AF7C-1887E7E93F16}.Ad-Hoc|iPhoneSimulator.Build.0 = Ad-Hoc|iPhoneSimulator
		{C7490AB2-F458-43DF-AF7C-1887E7E93F16}.Ad-Hoc|x64.ActiveCfg = Ad-Hoc|iPhone
		{C7490AB2-F458-43DF-AF7C-1887E7E93F16}.Ad-Hoc|x86.ActiveCfg = Ad-Hoc|iPhone
		{C7490AB2-F458-43DF-AF7C-1887E7E93F16}.AppStore|Any CPU.ActiveCfg = AppStore|iPhoneSimulator
		{C7490AB2-F458-43DF-AF7C-1887E7E93F16}.AppStore|ARM.ActiveCfg = AppStore|iPhone
		{C7490AB2-F458-43DF-AF7C-1887E7E93F16}.AppStore|iPhone.ActiveCfg = AppStore|iPhone
		{C7490AB2-F458-43DF-AF7C-1887E7E93F16}.AppStore|iPhone.Build.0 = AppStore|iPhone
		{C7490AB2-F458-43DF-AF7C-1887E7E93F16}.AppStore|iPhoneSimulator.ActiveCfg = AppStore|iPhoneSimulator
		{C7490AB2-F458-43DF-AF7C-1887E7E93F16}.AppStore|iPhoneSimulator.Build.0 = AppStore|iPhoneSimulator
		{C7490AB2-F458-43DF-AF7C-1887E7E93F16}.AppStore|x64.ActiveCfg = AppStore|iPhone
		{C7490AB2-F458-43DF-AF7C-1887E7E93F16}.AppStore|x86.ActiveCfg = AppStore|iPhone
		{C7490AB2-F458-43DF-AF7C-1887E7E93F16}.Debug|Any CPU.ActiveCfg = Debug|iPhoneSimulator
		{C7490AB2-F458-43DF-AF7C-1887E7E93F16}.Debug|ARM.ActiveCfg = Debug|iPhone
		{C7490AB2-F458-43DF-AF7C-1887E7E93F16}.Debug|iPhone.ActiveCfg = Debug|iPhone
		{C7490AB2-F458-43DF-AF7C-1887E7E93F16}.Debug|iPhone.Build.0 = Debug|iPhone
		{C7490AB2-F458-43DF-AF7C-1887E7E93F16}.Debug|iPhoneSimulator.ActiveCfg = Debug|iPhoneSimulator
		{C7490AB2-F458-43DF-AF7C-1887E7E93F16}.Debug|iPhoneSimulator.Build.0 = Debug|iPhoneSimulator
		{C7490AB2-F458-43DF-AF7C-1887E7E93F16}.Debug|x64.ActiveCfg = Debug|iPhone
		{C7490AB2-F458-43DF-AF7C-1887E7E93F16}.Debug|x86.ActiveCfg = Debug|iPhone
		{C7490AB2-F458-43DF-AF7C-1887E7E93F16}.Release|Any CPU.ActiveCfg = Release|iPhoneSimulator
		{C7490AB2-F458-43DF-AF7C-1887E7E93F16}.Release|ARM.ActiveCfg = Release|iPhone
		{C7490AB2-F458-43DF-AF7C-1887E7E93F16}.Release|iPhone.ActiveCfg = Release|iPhone
		{C7490AB2-F458-43DF-AF7C-1887E7E93F16}.Release|iPhone.Build.0 = Release|iPhone
		{C7490AB2-F458-43DF-AF7C-1887E7E93F16}.Release|iPhoneSimulator.ActiveCfg = Release|iPhoneSimulator
		{C7490AB2-F458-43DF-AF7C-1887E7E93F16}.Release|iPhoneSimulator.Build.0 = Release|iPhoneSimulator
		{C7490AB2-F458-43DF-AF7C-1887E7E93F16}.Release|x64.ActiveCfg = Release|iPhone
		{C7490AB2-F458-43DF-AF7C-1887E7E93F16}.Release|x86.ActiveCfg = Release|iPhone
		{5835B927-11C0-4D07-875D-E92854EACC67}.Ad-Hoc|Any CPU.ActiveCfg = Debug|Any CPU
		{5835B927-11C0-4D07-875D-E92854EACC67}.Ad-Hoc|Any CPU.Build.0 = Debug|Any CPU
		{5835B927-11C0-4D07-875D-E92854EACC67}.Ad-Hoc|ARM.ActiveCfg = Debug|Any CPU
		{5835B927-11C0-4D07-875D-E92854EACC67}.Ad-Hoc|ARM.Build.0 = Debug|Any CPU
		{5835B927-11C0-4D07-875D-E92854EACC67}.Ad-Hoc|iPhone.ActiveCfg = Debug|Any CPU
		{5835B927-11C0-4D07-875D-E92854EACC67}.Ad-Hoc|iPhone.Build.0 = Debug|Any CPU
		{5835B927-11C0-4D07-875D-E92854EACC67}.Ad-Hoc|iPhoneSimulator.ActiveCfg = Debug|Any CPU
		{5835B927-11C0-4D07-875D-E92854EACC67}.Ad-Hoc|iPhoneSimulator.Build.0 = Debug|Any CPU
		{5835B927-11C0-4D07-875D-E92854EACC67}.Ad-Hoc|x64.ActiveCfg = Debug|Any CPU
		{5835B927-11C0-4D07-875D-E92854EACC67}.Ad-Hoc|x64.Build.0 = Debug|Any CPU
		{5835B927-11C0-4D07-875D-E92854EACC67}.Ad-Hoc|x86.ActiveCfg = Debug|Any CPU
		{5835B927-11C0-4D07-875D-E92854EACC67}.Ad-Hoc|x86.Build.0 = Debug|Any CPU
		{5835B927-11C0-4D07-875D-E92854EACC67}.AppStore|Any CPU.ActiveCfg = Debug|Any CPU
		{5835B927-11C0-4D07-875D-E92854EACC67}.AppStore|Any CPU.Build.0 = Debug|Any CPU
		{5835B927-11C0-4D07-875D-E92854EACC67}.AppStore|ARM.ActiveCfg = Debug|Any CPU
		{5835B927-11C0-4D07-875D-E92854EACC67}.AppStore|ARM.Build.0 = Debug|Any CPU
		{5835B927-11C0-4D07-875D-E92854EACC67}.AppStore|iPhone.ActiveCfg = Debug|Any CPU
		{5835B927-11C0-4D07-875D-E92854EACC67}.AppStore|iPhone.Build.0 = Debug|Any CPU
		{5835B927-11C0-4D07-875D-E92854EACC67}.AppStore|iPhoneSimulator.ActiveCfg = Debug|Any CPU
		{5835B927-11C0-4D07-875D-E92854EACC67}.AppStore|iPhoneSimulator.Build.0 = Debug|Any CPU
		{5835B927-11C0-4D07-875D-E92854EACC67}.AppStore|x64.ActiveCfg = Debug|Any CPU
		{5835B927-11C0-4D07-875D-E92854EACC67}.AppStore|x64.Build.0 = Debug|Any CPU
		{5835B927-11C0-4D07-875D-E92854EACC67}.AppStore|x86.ActiveCfg = Debug|Any CPU
		{5835B927-11C0-4D07-875D-E92854EACC67}.AppStore|x86.Build.0 = Debug|Any CPU
		{5835B927-11C0-4D07-875D-E92854EACC67}.Debug|Any CPU.ActiveCfg = Debug|Any CPU
		{5835B927-11C0-4D07-875D-E92854EACC67}.Debug|Any CPU.Build.0 = Debug|Any CPU
		{5835B927-11C0-4D07-875D-E92854EACC67}.Debug|ARM.ActiveCfg = Debug|Any CPU
		{5835B927-11C0-4D07-875D-E92854EACC67}.Debug|ARM.Build.0 = Debug|Any CPU
		{5835B927-11C0-4D07-875D-E92854EACC67}.Debug|iPhone.ActiveCfg = Debug|Any CPU
		{5835B927-11C0-4D07-875D-E92854EACC67}.Debug|iPhone.Build.0 = Debug|Any CPU
		{5835B927-11C0-4D07-875D-E92854EACC67}.Debug|iPhoneSimulator.ActiveCfg = Debug|Any CPU
		{5835B927-11C0-4D07-875D-E92854EACC67}.Debug|iPhoneSimulator.Build.0 = Debug|Any CPU
		{5835B927-11C0-4D07-875D-E92854EACC67}.Debug|x64.ActiveCfg = Debug|Any CPU
		{5835B927-11C0-4D07-875D-E92854EACC67}.Debug|x64.Build.0 = Debug|Any CPU
		{5835B927-11C0-4D07-875D-E92854EACC67}.Debug|x86.ActiveCfg = Debug|Any CPU
		{5835B927-11C0-4D07-875D-E92854EACC67}.Debug|x86.Build.0 = Debug|Any CPU
		{5835B927-11C0-4D07-875D-E92854EACC67}.Release|Any CPU.ActiveCfg = Release|Any CPU
		{5835B927-11C0-4D07-875D-E92854EACC67}.Release|Any CPU.Build.0 = Release|Any CPU
		{5835B927-11C0-4D07-875D-E92854EACC67}.Release|ARM.ActiveCfg = Release|Any CPU
		{5835B927-11C0-4D07-875D-E92854EACC67}.Release|ARM.Build.0 = Release|Any CPU
		{5835B927-11C0-4D07-875D-E92854EACC67}.Release|iPhone.ActiveCfg = Release|Any CPU
		{5835B927-11C0-4D07-875D-E92854EACC67}.Release|iPhone.Build.0 = Release|Any CPU
		{5835B927-11C0-4D07-875D-E92854EACC67}.Release|iPhoneSimulator.ActiveCfg = Release|Any CPU
		{5835B927-11C0-4D07-875D-E92854EACC67}.Release|iPhoneSimulator.Build.0 = Release|Any CPU
		{5835B927-11C0-4D07-875D-E92854EACC67}.Release|x64.ActiveCfg = Release|Any CPU
		{5835B927-11C0-4D07-875D-E92854EACC67}.Release|x64.Build.0 = Release|Any CPU
		{5835B927-11C0-4D07-875D-E92854EACC67}.Release|x86.ActiveCfg = Release|Any CPU
		{5835B927-11C0-4D07-875D-E92854EACC67}.Release|x86.Build.0 = Release|Any CPU
		{2F8A95C4-DA37-4883-939E-D9289FCBB90E}.Ad-Hoc|Any CPU.ActiveCfg = Release|Any CPU
		{2F8A95C4-DA37-4883-939E-D9289FCBB90E}.Ad-Hoc|Any CPU.Build.0 = Release|Any CPU
		{2F8A95C4-DA37-4883-939E-D9289FCBB90E}.Ad-Hoc|ARM.ActiveCfg = Release|Any CPU
		{2F8A95C4-DA37-4883-939E-D9289FCBB90E}.Ad-Hoc|ARM.Build.0 = Release|Any CPU
		{2F8A95C4-DA37-4883-939E-D9289FCBB90E}.Ad-Hoc|iPhone.ActiveCfg = Release|Any CPU
		{2F8A95C4-DA37-4883-939E-D9289FCBB90E}.Ad-Hoc|iPhone.Build.0 = Release|Any CPU
		{2F8A95C4-DA37-4883-939E-D9289FCBB90E}.Ad-Hoc|iPhoneSimulator.ActiveCfg = Release|Any CPU
		{2F8A95C4-DA37-4883-939E-D9289FCBB90E}.Ad-Hoc|iPhoneSimulator.Build.0 = Release|Any CPU
		{2F8A95C4-DA37-4883-939E-D9289FCBB90E}.Ad-Hoc|x64.ActiveCfg = Release|Any CPU
		{2F8A95C4-DA37-4883-939E-D9289FCBB90E}.Ad-Hoc|x64.Build.0 = Release|Any CPU
		{2F8A95C4-DA37-4883-939E-D9289FCBB90E}.Ad-Hoc|x86.ActiveCfg = Release|Any CPU
		{2F8A95C4-DA37-4883-939E-D9289FCBB90E}.Ad-Hoc|x86.Build.0 = Release|Any CPU
		{2F8A95C4-DA37-4883-939E-D9289FCBB90E}.AppStore|Any CPU.ActiveCfg = Release|Any CPU
		{2F8A95C4-DA37-4883-939E-D9289FCBB90E}.AppStore|Any CPU.Build.0 = Release|Any CPU
		{2F8A95C4-DA37-4883-939E-D9289FCBB90E}.AppStore|ARM.ActiveCfg = Release|Any CPU
		{2F8A95C4-DA37-4883-939E-D9289FCBB90E}.AppStore|ARM.Build.0 = Release|Any CPU
		{2F8A95C4-DA37-4883-939E-D9289FCBB90E}.AppStore|iPhone.ActiveCfg = Release|Any CPU
		{2F8A95C4-DA37-4883-939E-D9289FCBB90E}.AppStore|iPhone.Build.0 = Release|Any CPU
		{2F8A95C4-DA37-4883-939E-D9289FCBB90E}.AppStore|iPhoneSimulator.ActiveCfg = Release|Any CPU
		{2F8A95C4-DA37-4883-939E-D9289FCBB90E}.AppStore|iPhoneSimulator.Build.0 = Release|Any CPU
		{2F8A95C4-DA37-4883-939E-D9289FCBB90E}.AppStore|x64.ActiveCfg = Release|Any CPU
		{2F8A95C4-DA37-4883-939E-D9289FCBB90E}.AppStore|x64.Build.0 = Release|Any CPU
		{2F8A95C4-DA37-4883-939E-D9289FCBB90E}.AppStore|x86.ActiveCfg = Release|Any CPU
		{2F8A95C4-DA37-4883-939E-D9289FCBB90E}.AppStore|x86.Build.0 = Release|Any CPU
		{2F8A95C4-DA37-4883-939E-D9289FCBB90E}.Debug|Any CPU.ActiveCfg = Debug|Any CPU
		{2F8A95C4-DA37-4883-939E-D9289FCBB90E}.Debug|Any CPU.Build.0 = Debug|Any CPU
		{2F8A95C4-DA37-4883-939E-D9289FCBB90E}.Debug|ARM.ActiveCfg = Debug|Any CPU
		{2F8A95C4-DA37-4883-939E-D9289FCBB90E}.Debug|ARM.Build.0 = Debug|Any CPU
		{2F8A95C4-DA37-4883-939E-D9289FCBB90E}.Debug|iPhone.ActiveCfg = Debug|Any CPU
		{2F8A95C4-DA37-4883-939E-D9289FCBB90E}.Debug|iPhone.Build.0 = Debug|Any CPU
		{2F8A95C4-DA37-4883-939E-D9289FCBB90E}.Debug|iPhoneSimulator.ActiveCfg = Debug|Any CPU
		{2F8A95C4-DA37-4883-939E-D9289FCBB90E}.Debug|iPhoneSimulator.Build.0 = Debug|Any CPU
		{2F8A95C4-DA37-4883-939E-D9289FCBB90E}.Debug|x64.ActiveCfg = Debug|Any CPU
		{2F8A95C4-DA37-4883-939E-D9289FCBB90E}.Debug|x64.Build.0 = Debug|Any CPU
		{2F8A95C4-DA37-4883-939E-D9289FCBB90E}.Debug|x86.ActiveCfg = Debug|Any CPU
		{2F8A95C4-DA37-4883-939E-D9289FCBB90E}.Debug|x86.Build.0 = Debug|Any CPU
		{2F8A95C4-DA37-4883-939E-D9289FCBB90E}.Release|Any CPU.ActiveCfg = Release|Any CPU
		{2F8A95C4-DA37-4883-939E-D9289FCBB90E}.Release|Any CPU.Build.0 = Release|Any CPU
		{2F8A95C4-DA37-4883-939E-D9289FCBB90E}.Release|ARM.ActiveCfg = Release|Any CPU
		{2F8A95C4-DA37-4883-939E-D9289FCBB90E}.Release|ARM.Build.0 = Release|Any CPU
		{2F8A95C4-DA37-4883-939E-D9289FCBB90E}.Release|iPhone.ActiveCfg = Release|Any CPU
		{2F8A95C4-DA37-4883-939E-D9289FCBB90E}.Release|iPhone.Build.0 = Release|Any CPU
		{2F8A95C4-DA37-4883-939E-D9289FCBB90E}.Release|iPhoneSimulator.ActiveCfg = Release|Any CPU
		{2F8A95C4-DA37-4883-939E-D9289FCBB90E}.Release|iPhoneSimulator.Build.0 = Release|Any CPU
		{2F8A95C4-DA37-4883-939E-D9289FCBB90E}.Release|x64.ActiveCfg = Release|Any CPU
		{2F8A95C4-DA37-4883-939E-D9289FCBB90E}.Release|x64.Build.0 = Release|Any CPU
		{2F8A95C4-DA37-4883-939E-D9289FCBB90E}.Release|x86.ActiveCfg = Release|Any CPU
		{2F8A95C4-DA37-4883-939E-D9289FCBB90E}.Release|x86.Build.0 = Release|Any CPU
		{9FF07C21-DA0C-4308-B917-00D0A12F493E}.Ad-Hoc|Any CPU.ActiveCfg = Release|Any CPU
		{9FF07C21-DA0C-4308-B917-00D0A12F493E}.Ad-Hoc|Any CPU.Build.0 = Release|Any CPU
		{9FF07C21-DA0C-4308-B917-00D0A12F493E}.Ad-Hoc|Any CPU.Deploy.0 = Release|Any CPU
		{9FF07C21-DA0C-4308-B917-00D0A12F493E}.Ad-Hoc|ARM.ActiveCfg = Release|Any CPU
		{9FF07C21-DA0C-4308-B917-00D0A12F493E}.Ad-Hoc|ARM.Build.0 = Release|Any CPU
		{9FF07C21-DA0C-4308-B917-00D0A12F493E}.Ad-Hoc|ARM.Deploy.0 = Release|Any CPU
		{9FF07C21-DA0C-4308-B917-00D0A12F493E}.Ad-Hoc|iPhone.ActiveCfg = Release|Any CPU
		{9FF07C21-DA0C-4308-B917-00D0A12F493E}.Ad-Hoc|iPhone.Build.0 = Release|Any CPU
		{9FF07C21-DA0C-4308-B917-00D0A12F493E}.Ad-Hoc|iPhone.Deploy.0 = Release|Any CPU
		{9FF07C21-DA0C-4308-B917-00D0A12F493E}.Ad-Hoc|iPhoneSimulator.ActiveCfg = Release|Any CPU
		{9FF07C21-DA0C-4308-B917-00D0A12F493E}.Ad-Hoc|iPhoneSimulator.Build.0 = Release|Any CPU
		{9FF07C21-DA0C-4308-B917-00D0A12F493E}.Ad-Hoc|iPhoneSimulator.Deploy.0 = Release|Any CPU
		{9FF07C21-DA0C-4308-B917-00D0A12F493E}.Ad-Hoc|x64.ActiveCfg = Release|Any CPU
		{9FF07C21-DA0C-4308-B917-00D0A12F493E}.Ad-Hoc|x64.Build.0 = Release|Any CPU
		{9FF07C21-DA0C-4308-B917-00D0A12F493E}.Ad-Hoc|x64.Deploy.0 = Release|Any CPU
		{9FF07C21-DA0C-4308-B917-00D0A12F493E}.Ad-Hoc|x86.ActiveCfg = Release|Any CPU
		{9FF07C21-DA0C-4308-B917-00D0A12F493E}.Ad-Hoc|x86.Build.0 = Release|Any CPU
		{9FF07C21-DA0C-4308-B917-00D0A12F493E}.Ad-Hoc|x86.Deploy.0 = Release|Any CPU
		{9FF07C21-DA0C-4308-B917-00D0A12F493E}.AppStore|Any CPU.ActiveCfg = Release|Any CPU
		{9FF07C21-DA0C-4308-B917-00D0A12F493E}.AppStore|Any CPU.Build.0 = Release|Any CPU
		{9FF07C21-DA0C-4308-B917-00D0A12F493E}.AppStore|Any CPU.Deploy.0 = Release|Any CPU
		{9FF07C21-DA0C-4308-B917-00D0A12F493E}.AppStore|ARM.ActiveCfg = Release|Any CPU
		{9FF07C21-DA0C-4308-B917-00D0A12F493E}.AppStore|ARM.Build.0 = Release|Any CPU
		{9FF07C21-DA0C-4308-B917-00D0A12F493E}.AppStore|ARM.Deploy.0 = Release|Any CPU
		{9FF07C21-DA0C-4308-B917-00D0A12F493E}.AppStore|iPhone.ActiveCfg = Release|Any CPU
		{9FF07C21-DA0C-4308-B917-00D0A12F493E}.AppStore|iPhone.Build.0 = Release|Any CPU
		{9FF07C21-DA0C-4308-B917-00D0A12F493E}.AppStore|iPhone.Deploy.0 = Release|Any CPU
		{9FF07C21-DA0C-4308-B917-00D0A12F493E}.AppStore|iPhoneSimulator.ActiveCfg = Release|Any CPU
		{9FF07C21-DA0C-4308-B917-00D0A12F493E}.AppStore|iPhoneSimulator.Build.0 = Release|Any CPU
		{9FF07C21-DA0C-4308-B917-00D0A12F493E}.AppStore|iPhoneSimulator.Deploy.0 = Release|Any CPU
		{9FF07C21-DA0C-4308-B917-00D0A12F493E}.AppStore|x64.ActiveCfg = Release|Any CPU
		{9FF07C21-DA0C-4308-B917-00D0A12F493E}.AppStore|x64.Build.0 = Release|Any CPU
		{9FF07C21-DA0C-4308-B917-00D0A12F493E}.AppStore|x64.Deploy.0 = Release|Any CPU
		{9FF07C21-DA0C-4308-B917-00D0A12F493E}.AppStore|x86.ActiveCfg = Release|Any CPU
		{9FF07C21-DA0C-4308-B917-00D0A12F493E}.AppStore|x86.Build.0 = Release|Any CPU
		{9FF07C21-DA0C-4308-B917-00D0A12F493E}.AppStore|x86.Deploy.0 = Release|Any CPU
		{9FF07C21-DA0C-4308-B917-00D0A12F493E}.Debug|Any CPU.ActiveCfg = Debug|Any CPU
		{9FF07C21-DA0C-4308-B917-00D0A12F493E}.Debug|Any CPU.Build.0 = Debug|Any CPU
		{9FF07C21-DA0C-4308-B917-00D0A12F493E}.Debug|Any CPU.Deploy.0 = Debug|Any CPU
		{9FF07C21-DA0C-4308-B917-00D0A12F493E}.Debug|ARM.ActiveCfg = Debug|Any CPU
		{9FF07C21-DA0C-4308-B917-00D0A12F493E}.Debug|ARM.Build.0 = Debug|Any CPU
		{9FF07C21-DA0C-4308-B917-00D0A12F493E}.Debug|ARM.Deploy.0 = Debug|Any CPU
		{9FF07C21-DA0C-4308-B917-00D0A12F493E}.Debug|iPhone.ActiveCfg = Debug|Any CPU
		{9FF07C21-DA0C-4308-B917-00D0A12F493E}.Debug|iPhone.Build.0 = Debug|Any CPU
		{9FF07C21-DA0C-4308-B917-00D0A12F493E}.Debug|iPhone.Deploy.0 = Debug|Any CPU
		{9FF07C21-DA0C-4308-B917-00D0A12F493E}.Debug|iPhoneSimulator.ActiveCfg = Debug|Any CPU
		{9FF07C21-DA0C-4308-B917-00D0A12F493E}.Debug|iPhoneSimulator.Build.0 = Debug|Any CPU
		{9FF07C21-DA0C-4308-B917-00D0A12F493E}.Debug|iPhoneSimulator.Deploy.0 = Debug|Any CPU
		{9FF07C21-DA0C-4308-B917-00D0A12F493E}.Debug|x64.ActiveCfg = Debug|Any CPU
		{9FF07C21-DA0C-4308-B917-00D0A12F493E}.Debug|x64.Build.0 = Debug|Any CPU
		{9FF07C21-DA0C-4308-B917-00D0A12F493E}.Debug|x64.Deploy.0 = Debug|Any CPU
		{9FF07C21-DA0C-4308-B917-00D0A12F493E}.Debug|x86.ActiveCfg = Debug|Any CPU
		{9FF07C21-DA0C-4308-B917-00D0A12F493E}.Debug|x86.Build.0 = Debug|Any CPU
		{9FF07C21-DA0C-4308-B917-00D0A12F493E}.Debug|x86.Deploy.0 = Debug|Any CPU
		{9FF07C21-DA0C-4308-B917-00D0A12F493E}.Release|Any CPU.ActiveCfg = Release|Any CPU
		{9FF07C21-DA0C-4308-B917-00D0A12F493E}.Release|Any CPU.Build.0 = Release|Any CPU
		{9FF07C21-DA0C-4308-B917-00D0A12F493E}.Release|Any CPU.Deploy.0 = Release|Any CPU
		{9FF07C21-DA0C-4308-B917-00D0A12F493E}.Release|ARM.ActiveCfg = Release|Any CPU
		{9FF07C21-DA0C-4308-B917-00D0A12F493E}.Release|ARM.Build.0 = Release|Any CPU
		{9FF07C21-DA0C-4308-B917-00D0A12F493E}.Release|ARM.Deploy.0 = Release|Any CPU
		{9FF07C21-DA0C-4308-B917-00D0A12F493E}.Release|iPhone.ActiveCfg = Release|Any CPU
		{9FF07C21-DA0C-4308-B917-00D0A12F493E}.Release|iPhone.Build.0 = Release|Any CPU
		{9FF07C21-DA0C-4308-B917-00D0A12F493E}.Release|iPhone.Deploy.0 = Release|Any CPU
		{9FF07C21-DA0C-4308-B917-00D0A12F493E}.Release|iPhoneSimulator.ActiveCfg = Release|Any CPU
		{9FF07C21-DA0C-4308-B917-00D0A12F493E}.Release|iPhoneSimulator.Build.0 = Release|Any CPU
		{9FF07C21-DA0C-4308-B917-00D0A12F493E}.Release|iPhoneSimulator.Deploy.0 = Release|Any CPU
		{9FF07C21-DA0C-4308-B917-00D0A12F493E}.Release|x64.ActiveCfg = Release|Any CPU
		{9FF07C21-DA0C-4308-B917-00D0A12F493E}.Release|x64.Build.0 = Release|Any CPU
		{9FF07C21-DA0C-4308-B917-00D0A12F493E}.Release|x64.Deploy.0 = Release|Any CPU
		{9FF07C21-DA0C-4308-B917-00D0A12F493E}.Release|x86.ActiveCfg = Release|Any CPU
		{9FF07C21-DA0C-4308-B917-00D0A12F493E}.Release|x86.Build.0 = Release|Any CPU
		{9FF07C21-DA0C-4308-B917-00D0A12F493E}.Release|x86.Deploy.0 = Release|Any CPU
	EndGlobalSection
	GlobalSection(SolutionProperties) = preSolution
		HideSolutionNode = FALSE
	EndGlobalSection
	GlobalSection(ExtensibilityGlobals) = postSolution
		SolutionGuid = {740405F9-EDA4-429E-8BCB-5D325CFEBBDB}
	EndGlobalSection
EndGlobal
